
Microsoft Visual Studio Solution File, Format Version 12.00
# Visual Studio 2012
Project("{9344BDBB-3E7F-41FC-A0DD-8665D75EE146}") = "VRZKazerneInfo", "VRZKazerneInfo\VRZKazerneInfo.csproj", "{43DD99C3-5406-4498-AA43-D51A46DF6BA5}"
EndProject
Project("{9344BDBB-3E7F-41FC-A0DD-8665D75EE146}") = "VRZKazerneInfo_Test", "VRZKazerneInfo_Test\VRZKazerneInfo_Test.csproj", "{F2B7971E-B3D0-433B-BEBA-E17E548745F0}"
EndProject
Global
	GlobalSection(SolutionConfigurationPlatforms) = preSolution
		Debug|x86 = Debug|x86
		Release|x86 = Release|x86
	EndGlobalSection
	GlobalSection(ProjectConfigurationPlatforms) = postSolution
		{43DD99C3-5406-4498-AA43-D51A46DF6BA5}.Debug|x86.ActiveCfg = Debug|x86
		{43DD99C3-5406-4498-AA43-D51A46DF6BA5}.Debug|x86.Build.0 = Debug|x86
		{43DD99C3-5406-4498-AA43-D51A46DF6BA5}.Release|x86.ActiveCfg = Release|x86
		{43DD99C3-5406-4498-AA43-D51A46DF6BA5}.Release|x86.Build.0 = Release|x86
		{F2B7971E-B3D0-433B-BEBA-E17E548745F0}.Debug|x86.ActiveCfg = Debug|Any CPU
		{F2B7971E-B3D0-433B-BEBA-E17E548745F0}.Debug|x86.Build.0 = Debug|Any CPU
		{F2B7971E-B3D0-433B-BEBA-E17E548745F0}.Release|x86.ActiveCfg = Release|Any CPU
		{F2B7971E-B3D0-433B-BEBA-E17E548745F0}.Release|x86.Build.0 = Release|Any CPU
		{5FBC1FD9-01A5-4938-9FF9-7A639C4D98C7}.Debug|x86.ActiveCfg = Debug|x86
		{5FBC1FD9-01A5-4938-9FF9-7A639C4D98C7}.Debug|x86.Build.0 = Debug|x86
		{5FBC1FD9-01A5-4938-9FF9-7A639C4D98C7}.Release|x86.ActiveCfg = Release|x86
		{5FBC1FD9-01A5-4938-9FF9-7A639C4D98C7}.Release|x86.Build.0 = Release|x86
	EndGlobalSection
	GlobalSection(MonoDevelopProperties) = preSolution
		Policies = $0
		$0.DotNetNamingPolicy = $1
		$1.DirectoryNamespaceAssociation = None
		$1.ResourceNamePolicy = FileFormatDefault
		$0.TextStylePolicy = $2
		$2.inheritsSet = null
		$2.scope = text/x-csharp
		$0.CSharpFormattingPolicy = $3
		$3.AfterDelegateDeclarationParameterComma = True
		$3.inheritsSet = Mono
		$3.inheritsScope = text/x-csharp
		$3.scope = text/x-csharp
		$0.TextStylePolicy = $4
		$4.FileWidth = 120
		$4.inheritsSet = VisualStudio
		$4.inheritsScope = text/plain
		$4.scope = text/plain
		$0.TextStylePolicy = $5
		$5.inheritsSet = null
		$5.scope = application/config+xml
		$0.XmlFormattingPolicy = $6
		$6.inheritsSet = null
		$6.scope = application/config+xml
	EndGlobalSection
EndGlobal
